// !$*UTF8*$!
{
	archiveVersion = 1;
	classes = {
	};
	objectVersion = 46;
	objects = {

/* Begin PBXBuildFile section */
		CD98707C185A021B00F9E94D /* Foundation.framework in Frameworks */ = {isa = PBXBuildFile; fileRef = CD98707B185A021B00F9E94D /* Foundation.framework */; };
		CD98707E185A021B00F9E94D /* CoreGraphics.framework in Frameworks */ = {isa = PBXBuildFile; fileRef = CD98707D185A021B00F9E94D /* CoreGraphics.framework */; };
		CD987080185A021B00F9E94D /* UIKit.framework in Frameworks */ = {isa = PBXBuildFile; fileRef = CD98707F185A021B00F9E94D /* UIKit.framework */; };
		CD987086185A021B00F9E94D /* InfoPlist.strings in Resources */ = {isa = PBXBuildFile; fileRef = CD987084185A021B00F9E94D /* InfoPlist.strings */; };
		CD987088185A021B00F9E94D /* main.m in Sources */ = {isa = PBXBuildFile; fileRef = CD987087185A021B00F9E94D /* main.m */; };
		CD98708C185A021B00F9E94D /* AppDelegate.m in Sources */ = {isa = PBXBuildFile; fileRef = CD98708B185A021B00F9E94D /* AppDelegate.m */; };
		CD98708E185A021B00F9E94D /* Images.xcassets in Resources */ = {isa = PBXBuildFile; fileRef = CD98708D185A021B00F9E94D /* Images.xcassets */; };
		CD987095185A021B00F9E94D /* XCTest.framework in Frameworks */ = {isa = PBXBuildFile; fileRef = CD987094185A021B00F9E94D /* XCTest.framework */; };
		CD987096185A021B00F9E94D /* Foundation.framework in Frameworks */ = {isa = PBXBuildFile; fileRef = CD98707B185A021B00F9E94D /* Foundation.framework */; };
		CD987097185A021B00F9E94D /* UIKit.framework in Frameworks */ = {isa = PBXBuildFile; fileRef = CD98707F185A021B00F9E94D /* UIKit.framework */; };
		CD98709F185A021B00F9E94D /* InfoPlist.strings in Resources */ = {isa = PBXBuildFile; fileRef = CD98709D185A021B00F9E94D /* InfoPlist.strings */; };
		CD9870A1185A021B00F9E94D /* AmazingInterviewAppTests.m in Sources */ = {isa = PBXBuildFile; fileRef = CD9870A0185A021B00F9E94D /* AmazingInterviewAppTests.m */; };
/* End PBXBuildFile section */

/* Begin PBXContainerItemProxy section */
		CD987098185A021B00F9E94D /* PBXContainerItemProxy */ = {
			isa = PBXContainerItemProxy;
			containerPortal = CD987070185A021A00F9E94D /* Project object */;
			proxyType = 1;
			remoteGlobalIDString = CD987077185A021B00F9E94D;
			remoteInfo = AmazingInterviewApp;
		};
/* End PBXContainerItemProxy section */

/* Begin PBXFileReference section */
		CD987078185A021B00F9E94D /* AmazingInterviewApp.app */ = {isa = PBXFileReference; explicitFileType = wrapper.application; includeInIndex = 0; path = AmazingInterviewApp.app; sourceTree = BUILT_PRODUCTS_DIR; };
		CD98707B185A021B00F9E94D /* Foundation.framework */ = {isa = PBXFileReference; lastKnownFileType = wrapper.framework; name = Foundation.framework; path = System/Library/Frameworks/Foundation.framework; sourceTree = SDKROOT; };
		CD98707D185A021B00F9E94D /* CoreGraphics.framework */ = {isa = PBXFileReference; lastKnownFileType = wrapper.framework; name = CoreGraphics.framework; path = System/Library/Frameworks/CoreGraphics.framework; sourceTree = SDKROOT; };
		CD98707F185A021B00F9E94D /* UIKit.framework */ = {isa = PBXFileReference; lastKnownFileType = wrapper.framework; name = UIKit.framework; path = System/Library/Frameworks/UIKit.framework; sourceTree = SDKROOT; };
		CD987083185A021B00F9E94D /* AmazingInterviewApp-Info.plist */ = {isa = PBXFileReference; lastKnownFileType = text.plist.xml; path = "AmazingInterviewApp-Info.plist"; sourceTree = "<group>"; };
		CD987085185A021B00F9E94D /* en */ = {isa = PBXFileReference; lastKnownFileType = text.plist.strings; name = en; path = en.lproj/InfoPlist.strings; sourceTree = "<group>"; };
		CD987087185A021B00F9E94D /* main.m */ = {isa = PBXFileReference; lastKnownFileType = sourcecode.c.objc; path = main.m; sourceTree = "<group>"; };
		CD987089185A021B00F9E94D /* AmazingInterviewApp-Prefix.pch */ = {isa = PBXFileReference; lastKnownFileType = sourcecode.c.h; path = "AmazingInterviewApp-Prefix.pch"; sourceTree = "<group>"; };
		CD98708A185A021B00F9E94D /* AppDelegate.h */ = {isa = PBXFileReference; lastKnownFileType = sourcecode.c.h; path = AppDelegate.h; sourceTree = "<group>"; };
		CD98708B185A021B00F9E94D /* AppDelegate.m */ = {isa = PBXFileReference; lastKnownFileType = sourcecode.c.objc; path = AppDelegate.m; sourceTree = "<group>"; };
		CD98708D185A021B00F9E94D /* Images.xcassets */ = {isa = PBXFileReference; lastKnownFileType = folder.assetcatalog; path = Images.xcassets; sourceTree = "<group>"; };
		CD987093185A021B00F9E94D /* AmazingInterviewAppTests.xctest */ = {isa = PBXFileReference; explicitFileType = wrapper.cfbundle; includeInIndex = 0; path = AmazingInterviewAppTests.xctest; sourceTree = BUILT_PRODUCTS_DIR; };
		CD987094185A021B00F9E94D /* XCTest.framework */ = {isa = PBXFileReference; lastKnownFileType = wrapper.framework; name = XCTest.framework; path = Library/Frameworks/XCTest.framework; sourceTree = DEVELOPER_DIR; };
		CD98709C185A021B00F9E94D /* AmazingInterviewAppTests-Info.plist */ = {isa = PBXFileReference; lastKnownFileType = text.plist.xml; path = "AmazingInterviewAppTests-Info.plist"; sourceTree = "<group>"; };
		CD98709E185A021B00F9E94D /* en */ = {isa = PBXFileReference; lastKnownFileType = text.plist.strings; name = en; path = en.lproj/InfoPlist.strings; sourceTree = "<group>"; };
		CD9870A0185A021B00F9E94D /* AmazingInterviewAppTests.m */ = {isa = PBXFileReference; lastKnownFileType = sourcecode.c.objc; path = AmazingInterviewAppTests.m; sourceTree = "<group>"; };
/* End PBXFileReference section */

/* Begin PBXFrameworksBuildPhase section */
		CD987075185A021B00F9E94D /* Frameworks */ = {
			isa = PBXFrameworksBuildPhase;
			buildActionMask = 2147483647;
			files = (
				CD98707E185A021B00F9E94D /* CoreGraphics.framework in Frameworks */,
				CD987080185A021B00F9E94D /* UIKit.framework in Frameworks */,
				CD98707C185A021B00F9E94D /* Foundation.framework in Frameworks */,
			);
			runOnlyForDeploymentPostprocessing = 0;
		};
		CD987090185A021B00F9E94D /* Frameworks */ = {
			isa = PBXFrameworksBuildPhase;
			buildActionMask = 2147483647;
			files = (
				CD987095185A021B00F9E94D /* XCTest.framework in Frameworks */,
				CD987097185A021B00F9E94D /* UIKit.framework in Frameworks */,
				CD987096185A021B00F9E94D /* Foundation.framework in Frameworks */,
			);
			runOnlyForDeploymentPostprocessing = 0;
		};
/* End PBXFrameworksBuildPhase section */

/* Begin PBXGroup section */
		CD98706F185A021A00F9E94D = {
			isa = PBXGroup;
			children = (
				CD987081185A021B00F9E94D /* AmazingInterviewApp */,
				CD98709A185A021B00F9E94D /* AmazingInterviewAppTests */,
				CD98707A185A021B00F9E94D /* Frameworks */,
				CD987079185A021B00F9E94D /* Products */,
			);
			sourceTree = "<group>";
		};
		CD987079185A021B00F9E94D /* Products */ = {
			isa = PBXGroup;
			children = (
				CD987078185A021B00F9E94D /* AmazingInterviewApp.app */,
				CD987093185A021B00F9E94D /* AmazingInterviewAppTests.xctest */,
			);
			name = Products;
			sourceTree = "<group>";
		};
		CD98707A185A021B00F9E94D /* Frameworks */ = {
			isa = PBXGroup;
			children = (
				CD98707B185A021B00F9E94D /* Foundation.framework */,
				CD98707D185A021B00F9E94D /* CoreGraphics.framework */,
				CD98707F185A021B00F9E94D /* UIKit.framework */,
				CD987094185A021B00F9E94D /* XCTest.framework */,
			);
			name = Frameworks;
			sourceTree = "<group>";
		};
		CD987081185A021B00F9E94D /* AmazingInterviewApp */ = {
			isa = PBXGroup;
			children = (
				CD98708A185A021B00F9E94D /* AppDelegate.h */,
				CD98708B185A021B00F9E94D /* AppDelegate.m */,
				CD98708D185A021B00F9E94D /* Images.xcassets */,
				CD987082185A021B00F9E94D /* Supporting Files */,
			);
			path = AmazingInterviewApp;
			sourceTree = "<group>";
		};
		CD987082185A021B00F9E94D /* Supporting Files */ = {
			isa = PBXGroup;
			children = (
				CD987083185A021B00F9E94D /* AmazingInterviewApp-Info.plist */,
				CD987084185A021B00F9E94D /* InfoPlist.strings */,
				CD987087185A021B00F9E94D /* main.m */,
				CD987089185A021B00F9E94D /* AmazingInterviewApp-Prefix.pch */,
			);
			name = "Supporting Files";
			sourceTree = "<group>";
		};
		CD98709A185A021B00F9E94D /* AmazingInterviewAppTests */ = {
			isa = PBXGroup;
			children = (
				CD9870A0185A021B00F9E94D /* AmazingInterviewAppTests.m */,
				CD98709B185A021B00F9E94D /* Supporting Files */,
			);
			path = AmazingInterviewAppTests;
			sourceTree = "<group>";
		};
		CD98709B185A021B00F9E94D /* Supporting Files */ = {
			isa = PBXGroup;
			children = (
				CD98709C185A021B00F9E94D /* AmazingInterviewAppTests-Info.plist */,
				CD98709D185A021B00F9E94D /* InfoPlist.strings */,
			);
			name = "Supporting Files";
			sourceTree = "<group>";
		};
/* End PBXGroup section */

/* Begin PBXNativeTarget section */
		CD987077185A021B00F9E94D /* AmazingInterviewApp */ = {
			isa = PBXNativeTarget;
			buildConfigurationList = CD9870A4185A021B00F9E94D /* Build configuration list for PBXNativeTarget "AmazingInterviewApp" */;
			buildPhases = (
				CD987074185A021B00F9E94D /* Sources */,
				CD987075185A021B00F9E94D /* Frameworks */,
				CD987076185A021B00F9E94D /* Resources */,
			);
			buildRules = (
			);
			dependencies = (
			);
			name = AmazingInterviewApp;
			productName = AmazingInterviewApp;
			productReference = CD987078185A021B00F9E94D /* AmazingInterviewApp.app */;
			productType = "com.apple.product-type.application";
		};
		CD987092185A021B00F9E94D /* AmazingInterviewAppTests */ = {
			isa = PBXNativeTarget;
			buildConfigurationList = CD9870A7185A021B00F9E94D /* Build configuration list for PBXNativeTarget "AmazingInterviewAppTests" */;
			buildPhases = (
				CD98708F185A021B00F9E94D /* Sources */,
				CD987090185A021B00F9E94D /* Frameworks */,
				CD987091185A021B00F9E94D /* Resources */,
			);
			buildRules = (
			);
			dependencies = (
				CD987099185A021B00F9E94D /* PBXTargetDependency */,
			);
			name = AmazingInterviewAppTests;
			productName = AmazingInterviewAppTests;
			productReference = CD987093185A021B00F9E94D /* AmazingInterviewAppTests.xctest */;
			productType = "com.apple.product-type.bundle.unit-test";
		};
/* End PBXNativeTarget section */

/* Begin PBXProject section */
		CD987070185A021A00F9E94D /* Project object */ = {
			isa = PBXProject;
			attributes = {
				LastUpgradeCheck = 0500;
				ORGANIZATIONNAME = PatrickFarrell;
				TargetAttributes = {
					CD987092185A021B00F9E94D = {
						TestTargetID = CD987077185A021B00F9E94D;
					};
				};
			};
			buildConfigurationList = CD987073185A021A00F9E94D /* Build configuration list for PBXProject "AmazingInterviewApp" */;
			compatibilityVersion = "Xcode 3.2";
			developmentRegion = English;
			hasScannedForEncodings = 0;
			knownRegions = (
				en,
			);
			mainGroup = CD98706F185A021A00F9E94D;
			productRefGroup = CD987079185A021B00F9E94D /* Products */;
			projectDirPath = "";
			projectRoot = "";
			targets = (
				CD987077185A021B00F9E94D /* AmazingInterviewApp */,
				CD987092185A021B00F9E94D /* AmazingInterviewAppTests */,
			);
		};
/* End PBXProject section */

/* Begin PBXResourcesBuildPhase section */
		CD987076185A021B00F9E94D /* Resources */ = {
			isa = PBXResourcesBuildPhase;
			buildActionMask = 2147483647;
			files = (
				CD987086185A021B00F9E94D /* InfoPlist.strings in Resources */,
				CD98708E185A021B00F9E94D /* Images.xcassets in Resources */,
			);
			runOnlyForDeploymentPostprocessing = 0;
		};
		CD987091185A021B00F9E94D /* Resources */ = {
			isa = PBXResourcesBuildPhase;
			buildActionMask = 2147483647;
			files = (
				CD98709F185A021B00F9E94D /* InfoPlist.strings in Resources */,
			);
			runOnlyForDeploymentPostprocessing = 0;
		};
/* End PBXResourcesBuildPhase section */

/* Begin PBXSourcesBuildPhase section */
		CD987074185A021B00F9E94D /* Sources */ = {
			isa = PBXSourcesBuildPhase;
			buildActionMask = 2147483647;
			files = (
				CD98708C185A021B00F9E94D /* AppDelegate.m in Sources */,
				CD987088185A021B00F9E94D /* main.m in Sources */,
			);
			runOnlyForDeploymentPostprocessing = 0;
		};
		CD98708F185A021B00F9E94D /* Sources */ = {
			isa = PBXSourcesBuildPhase;
			buildActionMask = 2147483647;
			files = (
				CD9870A1185A021B00F9E94D /* AmazingInterviewAppTests.m in Sources */,
			);
			runOnlyForDeploymentPostprocessing = 0;
		};
/* End PBXSourcesBuildPhase section */

/* Begin PBXTargetDependency section */
		CD987099185A021B00F9E94D /* PBXTargetDependency */ = {
			isa = PBXTargetDependency;
			target = CD987077185A021B00F9E94D /* AmazingInterviewApp */;
			targetProxy = CD987098185A021B00F9E94D /* PBXContainerItemProxy */;
		};
/* End PBXTargetDependency section */

/* Begin PBXVariantGroup section */
		CD987084185A021B00F9E94D /* InfoPlist.strings */ = {
			isa = PBXVariantGroup;
			children = (
				CD987085185A021B00F9E94D /* en */,
			);
			name = InfoPlist.strings;
			sourceTree = "<group>";
		};
		CD98709D185A021B00F9E94D /* InfoPlist.strings */ = {
			isa = PBXVariantGroup;
			children = (
				CD98709E185A021B00F9E94D /* en */,
			);
			name = InfoPlist.strings;
			sourceTree = "<group>";
		};
/* End PBXVariantGroup section */

/* Begin XCBuildConfiguration section */
		CD9870A2185A021B00F9E94D /* Debug */ = {
			isa = XCBuildConfiguration;
			buildSettings = {
				ALWAYS_SEARCH_USER_PATHS = NO;
				ARCHS = "$(ARCHS_STANDARD_INCLUDING_64_BIT)";
				CLANG_CXX_LANGUAGE_STANDARD = "gnu++0x";
				CLANG_CXX_LIBRARY = "libc++";
				CLANG_ENABLE_MODULES = YES;
				CLANG_ENABLE_OBJC_ARC = YES;
				CLANG_WARN_BOOL_CONVERSION = YES;
				CLANG_WARN_CONSTANT_CONVERSION = YES;
				CLANG_WARN_DIRECT_OBJC_ISA_USAGE = YES_ERROR;
				CLANG_WARN_EMPTY_BODY = YES;
				CLANG_WARN_ENUM_CONVERSION = YES;
				CLANG_WARN_INT_CONVERSION = YES;
				CLANG_WARN_OBJC_ROOT_CLASS = YES_ERROR;
				CLANG_WARN__DUPLICATE_METHOD_MATCH = YES;
				"CODE_SIGN_IDENTITY[sdk=iphoneos*]" = "iPhone Developer";
				COPY_PHASE_STRIP = NO;
				GCC_C_LANGUAGE_STANDARD = gnu99;
				GCC_DYNAMIC_NO_PIC = NO;
				GCC_OPTIMIZATION_LEVEL = 0;
				GCC_PREPROCESSOR_DEFINITIONS = (
					"DEBUG=1",
					"$(inherited)",
				);
				GCC_SYMBOLS_PRIVATE_EXTERN = NO;
				GCC_WARN_64_TO_32_BIT_CONVERSION = YES;
				GCC_WARN_ABOUT_RETURN_TYPE = YES_ERROR;
				GCC_WARN_UNDECLARED_SELECTOR = YES;
				GCC_WARN_UNINITIALIZED_AUTOS = YES;
				GCC_WARN_UNUSED_FUNCTION = YES;
				GCC_WARN_UNUSED_VARIABLE = YES;
				IPHONEOS_DEPLOYMENT_TARGET = 7.0;
				ONLY_ACTIVE_ARCH = YES;
				SDKROOT = iphoneos;
			};
			name = Debug;
		};
		CD9870A3185A021B00F9E94D /* Release */ = {
			isa = XCBuildConfiguration;
			buildSettings = {
				ALWAYS_SEARCH_USER_PATHS = NO;
				ARCHS = "$(ARCHS_STANDARD_INCLUDING_64_BIT)";
				CLANG_CXX_LANGUAGE_STANDARD = "gnu++0x";
				CLANG_CXX_LIBRARY = "libc++";
				CLANG_ENABLE_MODULES = YES;
				CLANG_ENABLE_OBJC_ARC = YES;
				CLANG_WARN_BOOL_CONVERSION = YES;
				CLANG_WARN_CONSTANT_CONVERSION = YES;
				CLANG_WARN_DIRECT_OBJC_ISA_USAGE = YES_ERROR;
				CLANG_WARN_EMPTY_BODY = YES;
				CLANG_WARN_ENUM_CONVERSION = YES;
				CLANG_WARN_INT_CONVERSION = YES;
				CLANG_WARN_OBJC_ROOT_CLASS = YES_ERROR;
				CLANG_WARN__DUPLICATE_METHOD_MATCH = YES;
				"CODE_SIGN_IDENTITY[sdk=iphoneos*]" = "iPhone Developer";
				COPY_PHASE_STRIP = YES;
				ENABLE_NS_ASSERTIONS = NO;
				GCC_C_LANGUAGE_STANDARD = gnu99;
				GCC_WARN_64_TO_32_BIT_CONVERSION = YES;
				GCC_WARN_ABOUT_RETURN_TYPE = YES_ERROR;
				GCC_WARN_UNDECLARED_SELECTOR = YES;
				GCC_WARN_UNINITIALIZED_AUTOS = YES;
				GCC_WARN_UNUSED_FUNCTION = YES;
				GCC_WARN_UNUSED_VARIABLE = YES;
				IPHONEOS_DEPLOYMENT_TARGET = 7.0;
				SDKROOT = iphoneos;
				VALIDATE_PRODUCT = YES;
			};
			name = Release;
		};
		CD9870A5185A021B00F9E94D /* Debug */ = {
			isa = XCBuildConfiguration;
			buildSettings = {
				ASSETCATALOG_COMPILER_APPICON_NAME = AppIcon;
				ASSETCATALOG_COMPILER_LAUNCHIMAGE_NAME = LaunchImage;
				GCC_PRECOMPILE_PREFIX_HEADER = YES;
				GCC_PREFIX_HEADER = "AmazingInterviewApp/AmazingInterviewApp-Prefix.pch";
				INFOPLIST_FILE = "AmazingInterviewApp/AmazingInterviewApp-Info.plist";
				PRODUCT_NAME = "$(TARGET_NAME)";
				WRAPPER_EXTENSION = app;
			};
			name = Debug;
		};
		CD9870A6185A021B00F9E94D /* Release */ = {
			isa = XCBuildConfiguration;
			buildSettings = {
				ASSETCATALOG_COMPILER_APPICON_NAME = AppIcon;
				ASSETCATALOG_COMPILER_LAUNCHIMAGE_NAME = LaunchImage;
				GCC_PRECOMPILE_PREFIX_HEADER = YES;
				GCC_PREFIX_HEADER = "AmazingInterviewApp/AmazingInterviewApp-Prefix.pch";
				INFOPLIST_FILE = "AmazingInterviewApp/AmazingInterviewApp-Info.plist";
				PRODUCT_NAME = "$(TARGET_NAME)";
				WRAPPER_EXTENSION = app;
			};
			name = Release;
		};
		CD9870A8185A021B00F9E94D /* Debug */ = {
			isa = XCBuildConfiguration;
			buildSettings = {
				ARCHS = "$(ARCHS_STANDARD_INCLUDING_64_BIT)";
				BUNDLE_LOADER = "$(BUILT_PRODUCTS_DIR)/AmazingInterviewApp.app/AmazingInterviewApp";
				FRAMEWORK_SEARCH_PATHS = (
					"$(SDKROOT)/Developer/Library/Frameworks",
					"$(inherited)",
					"$(DEVELOPER_FRAMEWORKS_DIR)",
				);
				GCC_PRECOMPILE_PREFIX_HEADER = YES;
				GCC_PREFIX_HEADER = "AmazingInterviewApp/AmazingInterviewApp-Prefix.pch";
				GCC_PREPROCESSOR_DEFINITIONS = (
					"DEBUG=1",
					"$(inherited)",
				);
				INFOPLIST_FILE = "AmazingInterviewAppTests/AmazingInterviewAppTests-Info.plist";
				PRODUCT_NAME = "$(TARGET_NAME)";
				TEST_HOST = "$(BUNDLE_LOADER)";
				WRAPPER_EXTENSION = xctest;
			};
			name = Debug;
		};
		CD9870A9185A021B00F9E94D /* Release */ = {
			isa = XCBuildConfiguration;
			buildSettings = {
				ARCHS = "$(ARCHS_STANDARD_INCLUDING_64_BIT)";
				BUNDLE_LOADER = "$(BUILT_PRODUCTS_DIR)/AmazingInterviewApp.app/AmazingInterviewApp";
				FRAMEWORK_SEARCH_PATHS = (
					"$(SDKROOT)/Developer/Library/Frameworks",
					"$(inherited)",
					"$(DEVELOPER_FRAMEWORKS_DIR)",
				);
				GCC_PRECOMPILE_PREFIX_HEADER = YES;
				GCC_PREFIX_HEADER = "AmazingInterviewApp/AmazingInterviewApp-Prefix.pch";
				INFOPLIST_FILE = "AmazingInterviewAppTests/AmazingInterviewAppTests-Info.plist";
				PRODUCT_NAME = "$(TARGET_NAME)";
				TEST_HOST = "$(BUNDLE_LOADER)";
				WRAPPER_EXTENSION = xctest;
			};
			name = Release;
		};
/* End XCBuildConfiguration section */

/* Begin XCConfigurationList section */
		CD987073185A021A00F9E94D /* Build configuration list for PBXProject "AmazingInterviewApp" */ = {
			isa = XCConfigurationList;
			buildConfigurations = (
				CD9870A2185A021B00F9E94D /* Debug */,
				CD9870A3185A021B00F9E94D /* Release */,
			);
			defaultConfigurationIsVisible = 0;
			defaultConfigurationName = Release;
		};
		CD9870A4185A021B00F9E94D /* Build configuration list for PBXNativeTarget "AmazingInterviewApp" */ = {
			isa = XCConfigurationList;
			buildConfigurations = (
				CD9870A5185A021B00F9E94D /* Debug */,
				CD9870A6185A021B00F9E94D /* Release */,
			);
			defaultConfigurationIsVisible = 0;
		};
		CD9870A7185A021B00F9E94D /* Build configuration list for PBXNativeTarget "AmazingInterviewAppTests" */ = {
			isa = XCConfigurationList;
			buildConfigurations = (
				CD9870A8185A021B00F9E94D /* Debug */,
				CD9870A9185A021B00F9E94D /* Release */,
			);
			defaultConfigurationIsVisible = 0;
		};
/* End XCConfigurationList section */
	};
	rootObject = CD987070185A021A00F9E94D /* Project object */;
}
